// !$*UTF8*$!
{
	archiveVersion = 1;
	classes = {
	};
	objectVersion = 46;
	objects = {

/* Begin PBXBuildFile section */
		07B41E7C1989420E00B78307 /* Foundation.framework in Frameworks */ = {isa = PBXBuildFile; fileRef = 07B41E7B1989420E00B78307 /* Foundation.framework */; };
		07B41E7E1989420E00B78307 /* CoreGraphics.framework in Frameworks */ = {isa = PBXBuildFile; fileRef = 07B41E7D1989420E00B78307 /* CoreGraphics.framework */; };
		07B41E801989420E00B78307 /* UIKit.framework in Frameworks */ = {isa = PBXBuildFile; fileRef = 07B41E7F1989420E00B78307 /* UIKit.framework */; };
		07B41E861989420E00B78307 /* InfoPlist.strings in Resources */ = {isa = PBXBuildFile; fileRef = 07B41E841989420E00B78307 /* InfoPlist.strings */; };
		07B41E881989420E00B78307 /* main.m in Sources */ = {isa = PBXBuildFile; fileRef = 07B41E871989420E00B78307 /* main.m */; };
		07B41E8C1989420E00B78307 /* TVAppDelegate.m in Sources */ = {isa = PBXBuildFile; fileRef = 07B41E8B1989420E00B78307 /* TVAppDelegate.m */; };
		07B41E8F1989420E00B78307 /* Main.storyboard in Resources */ = {isa = PBXBuildFile; fileRef = 07B41E8D1989420E00B78307 /* Main.storyboard */; };
		07B41E941989420E00B78307 /* Images.xcassets in Resources */ = {isa = PBXBuildFile; fileRef = 07B41E931989420E00B78307 /* Images.xcassets */; };
		07B41E9B1989420E00B78307 /* XCTest.framework in Frameworks */ = {isa = PBXBuildFile; fileRef = 07B41E9A1989420E00B78307 /* XCTest.framework */; };
		07B41E9C1989420E00B78307 /* Foundation.framework in Frameworks */ = {isa = PBXBuildFile; fileRef = 07B41E7B1989420E00B78307 /* Foundation.framework */; };
		07B41E9D1989420E00B78307 /* UIKit.framework in Frameworks */ = {isa = PBXBuildFile; fileRef = 07B41E7F1989420E00B78307 /* UIKit.framework */; };
		07B41EA51989420E00B78307 /* InfoPlist.strings in Resources */ = {isa = PBXBuildFile; fileRef = 07B41EA31989420E00B78307 /* InfoPlist.strings */; };
		07B41EA71989420E00B78307 /* TableViewExerciseTests.m in Sources */ = {isa = PBXBuildFile; fileRef = 07B41EA61989420E00B78307 /* TableViewExerciseTests.m */; };
		07B41EB219895E7500B78307 /* TVTableViewController.m in Sources */ = {isa = PBXBuildFile; fileRef = 07B41EB119895E7500B78307 /* TVTableViewController.m */; };
/* End PBXBuildFile section */

/* Begin PBXContainerItemProxy section */
		07B41E9E1989420E00B78307 /* PBXContainerItemProxy */ = {
			isa = PBXContainerItemProxy;
			containerPortal = 07B41E701989420E00B78307 /* Project object */;
			proxyType = 1;
			remoteGlobalIDString = 07B41E771989420E00B78307;
			remoteInfo = TableViewExercise;
		};
/* End PBXContainerItemProxy section */

/* Begin PBXFileReference section */
		07B41E781989420E00B78307 /* TableViewExercise.app */ = {isa = PBXFileReference; explicitFileType = wrapper.application; includeInIndex = 0; path = TableViewExercise.app; sourceTree = BUILT_PRODUCTS_DIR; };
		07B41E7B1989420E00B78307 /* Foundation.framework */ = {isa = PBXFileReference; lastKnownFileType = wrapper.framework; name = Foundation.framework; path = System/Library/Frameworks/Foundation.framework; sourceTree = SDKROOT; };
		07B41E7D1989420E00B78307 /* CoreGraphics.framework */ = {isa = PBXFileReference; lastKnownFileType = wrapper.framework; name = CoreGraphics.framework; path = System/Library/Frameworks/CoreGraphics.framework; sourceTree = SDKROOT; };
		07B41E7F1989420E00B78307 /* UIKit.framework */ = {isa = PBXFileReference; lastKnownFileType = wrapper.framework; name = UIKit.framework; path = System/Library/Frameworks/UIKit.framework; sourceTree = SDKROOT; };
		07B41E831989420E00B78307 /* TableViewExercise-Info.plist */ = {isa = PBXFileReference; lastKnownFileType = text.plist.xml; path = "TableViewExercise-Info.plist"; sourceTree = "<group>"; };
		07B41E851989420E00B78307 /* en */ = {isa = PBXFileReference; lastKnownFileType = text.plist.strings; name = en; path = en.lproj/InfoPlist.strings; sourceTree = "<group>"; };
		07B41E871989420E00B78307 /* main.m */ = {isa = PBXFileReference; lastKnownFileType = sourcecode.c.objc; path = main.m; sourceTree = "<group>"; };
		07B41E891989420E00B78307 /* TableViewExercise-Prefix.pch */ = {isa = PBXFileReference; lastKnownFileType = sourcecode.c.h; path = "TableViewExercise-Prefix.pch"; sourceTree = "<group>"; };
		07B41E8A1989420E00B78307 /* TVAppDelegate.h */ = {isa = PBXFileReference; lastKnownFileType = sourcecode.c.h; path = TVAppDelegate.h; sourceTree = "<group>"; };
		07B41E8B1989420E00B78307 /* TVAppDelegate.m */ = {isa = PBXFileReference; lastKnownFileType = sourcecode.c.objc; path = TVAppDelegate.m; sourceTree = "<group>"; };
		07B41E8E1989420E00B78307 /* Base */ = {isa = PBXFileReference; lastKnownFileType = file.storyboard; name = Base; path = Base.lproj/Main.storyboard; sourceTree = "<group>"; };
		07B41E931989420E00B78307 /* Images.xcassets */ = {isa = PBXFileReference; lastKnownFileType = folder.assetcatalog; path = Images.xcassets; sourceTree = "<group>"; };
		07B41E991989420E00B78307 /* TableViewExerciseTests.xctest */ = {isa = PBXFileReference; explicitFileType = wrapper.cfbundle; includeInIndex = 0; path = TableViewExerciseTests.xctest; sourceTree = BUILT_PRODUCTS_DIR; };
		07B41E9A1989420E00B78307 /* XCTest.framework */ = {isa = PBXFileReference; lastKnownFileType = wrapper.framework; name = XCTest.framework; path = Library/Frameworks/XCTest.framework; sourceTree = DEVELOPER_DIR; };
		07B41EA21989420E00B78307 /* TableViewExerciseTests-Info.plist */ = {isa = PBXFileReference; lastKnownFileType = text.plist.xml; path = "TableViewExerciseTests-Info.plist"; sourceTree = "<group>"; };
		07B41EA41989420E00B78307 /* en */ = {isa = PBXFileReference; lastKnownFileType = text.plist.strings; name = en; path = en.lproj/InfoPlist.strings; sourceTree = "<group>"; };
		07B41EA61989420E00B78307 /* TableViewExerciseTests.m */ = {isa = PBXFileReference; lastKnownFileType = sourcecode.c.objc; path = TableViewExerciseTests.m; sourceTree = "<group>"; };
		07B41EB019895E7500B78307 /* TVTableViewController.h */ = {isa = PBXFileReference; fileEncoding = 4; lastKnownFileType = sourcecode.c.h; path = TVTableViewController.h; sourceTree = "<group>"; };
		07B41EB119895E7500B78307 /* TVTableViewController.m */ = {isa = PBXFileReference; fileEncoding = 4; lastKnownFileType = sourcecode.c.objc; path = TVTableViewController.m; sourceTree = "<group>"; };
/* End PBXFileReference section */

/* Begin PBXFrameworksBuildPhase section */
		07B41E751989420E00B78307 /* Frameworks */ = {
			isa = PBXFrameworksBuildPhase;
			buildActionMask = 2147483647;
			files = (
				07B41E7E1989420E00B78307 /* CoreGraphics.framework in Frameworks */,
				07B41E801989420E00B78307 /* UIKit.framework in Frameworks */,
				07B41E7C1989420E00B78307 /* Foundation.framework in Frameworks */,
			);
			runOnlyForDeploymentPostprocessing = 0;
		};
		07B41E961989420E00B78307 /* Frameworks */ = {
			isa = PBXFrameworksBuildPhase;
			buildActionMask = 2147483647;
			files = (
				07B41E9B1989420E00B78307 /* XCTest.framework in Frameworks */,
				07B41E9D1989420E00B78307 /* UIKit.framework in Frameworks */,
				07B41E9C1989420E00B78307 /* Foundation.framework in Frameworks */,
			);
			runOnlyForDeploymentPostprocessing = 0;
		};
/* End PBXFrameworksBuildPhase section */

/* Begin PBXGroup section */
		07B41E6F1989420E00B78307 = {
			isa = PBXGroup;
			children = (
				07B41E811989420E00B78307 /* TableViewExercise */,
				07B41EA01989420E00B78307 /* TableViewExerciseTests */,
				07B41E7A1989420E00B78307 /* Frameworks */,
				07B41E791989420E00B78307 /* Products */,
			);
			sourceTree = "<group>";
		};
		07B41E791989420E00B78307 /* Products */ = {
			isa = PBXGroup;
			children = (
				07B41E781989420E00B78307 /* TableViewExercise.app */,
				07B41E991989420E00B78307 /* TableViewExerciseTests.xctest */,
			);
			name = Products;
			sourceTree = "<group>";
		};
		07B41E7A1989420E00B78307 /* Frameworks */ = {
			isa = PBXGroup;
			children = (
				07B41E7B1989420E00B78307 /* Foundation.framework */,
				07B41E7D1989420E00B78307 /* CoreGraphics.framework */,
				07B41E7F1989420E00B78307 /* UIKit.framework */,
				07B41E9A1989420E00B78307 /* XCTest.framework */,
			);
			name = Frameworks;
			sourceTree = "<group>";
		};
		07B41E811989420E00B78307 /* TableViewExercise */ = {
			isa = PBXGroup;
			children = (
				07B41E8A1989420E00B78307 /* TVAppDelegate.h */,
				07B41E8B1989420E00B78307 /* TVAppDelegate.m */,
				07B41E8D1989420E00B78307 /* Main.storyboard */,
				07B41E931989420E00B78307 /* Images.xcassets */,
				07B41E821989420E00B78307 /* Supporting Files */,
				07B41EB019895E7500B78307 /* TVTableViewController.h */,
				07B41EB119895E7500B78307 /* TVTableViewController.m */,
			);
			path = TableViewExercise;
			sourceTree = "<group>";
		};
		07B41E821989420E00B78307 /* Supporting Files */ = {
			isa = PBXGroup;
			children = (
				07B41E831989420E00B78307 /* TableViewExercise-Info.plist */,
				07B41E841989420E00B78307 /* InfoPlist.strings */,
				07B41E871989420E00B78307 /* main.m */,
				07B41E891989420E00B78307 /* TableViewExercise-Prefix.pch */,
			);
			name = "Supporting Files";
			sourceTree = "<group>";
		};
		07B41EA01989420E00B78307 /* TableViewExerciseTests */ = {
			isa = PBXGroup;
			children = (
				07B41EA61989420E00B78307 /* TableViewExerciseTests.m */,
				07B41EA11989420E00B78307 /* Supporting Files */,
			);
			path = TableViewExerciseTests;
			sourceTree = "<group>";
		};
		07B41EA11989420E00B78307 /* Supporting Files */ = {
			isa = PBXGroup;
			children = (
				07B41EA21989420E00B78307 /* TableViewExerciseTests-Info.plist */,
				07B41EA31989420E00B78307 /* InfoPlist.strings */,
			);
			name = "Supporting Files";
			sourceTree = "<group>";
		};
/* End PBXGroup section */

/* Begin PBXNativeTarget section */
		07B41E771989420E00B78307 /* TableViewExercise */ = {
			isa = PBXNativeTarget;
			buildConfigurationList = 07B41EAA1989420E00B78307 /* Build configuration list for PBXNativeTarget "TableViewExercise" */;
			buildPhases = (
				07B41E741989420E00B78307 /* Sources */,
				07B41E751989420E00B78307 /* Frameworks */,
				07B41E761989420E00B78307 /* Resources */,
			);
			buildRules = (
			);
			dependencies = (
			);
			name = TableViewExercise;
			productName = TableViewExercise;
			productReference = 07B41E781989420E00B78307 /* TableViewExercise.app */;
			productType = "com.apple.product-type.application";
		};
		07B41E981989420E00B78307 /* TableViewExerciseTests */ = {
			isa = PBXNativeTarget;
			buildConfigurationList = 07B41EAD1989420E00B78307 /* Build configuration list for PBXNativeTarget "TableViewExerciseTests" */;
			buildPhases = (
				07B41E951989420E00B78307 /* Sources */,
				07B41E961989420E00B78307 /* Frameworks */,
				07B41E971989420E00B78307 /* Resources */,
			);
			buildRules = (
			);
			dependencies = (
				07B41E9F1989420E00B78307 /* PBXTargetDependency */,
			);
			name = TableViewExerciseTests;
			productName = TableViewExerciseTests;
			productReference = 07B41E991989420E00B78307 /* TableViewExerciseTests.xctest */;
			productType = "com.apple.product-type.bundle.unit-test";
		};
/* End PBXNativeTarget section */

/* Begin PBXProject section */
		07B41E701989420E00B78307 /* Project object */ = {
			isa = PBXProject;
			attributes = {
				CLASSPREFIX = TV;
				LastUpgradeCheck = 0510;
				ORGANIZATIONNAME = "Danny Thorne";
				TargetAttributes = {
					07B41E981989420E00B78307 = {
						TestTargetID = 07B41E771989420E00B78307;
					};
				};
			};
			buildConfigurationList = 07B41E731989420E00B78307 /* Build configuration list for PBXProject "TableViewExercise" */;
			compatibilityVersion = "Xcode 3.2";
			developmentRegion = English;
			hasScannedForEncodings = 0;
			knownRegions = (
				en,
				Base,
			);
			mainGroup = 07B41E6F1989420E00B78307;
			productRefGroup = 07B41E791989420E00B78307 /* Products */;
			projectDirPath = "";
			projectRoot = "";
			targets = (
				07B41E771989420E00B78307 /* TableViewExercise */,
				07B41E981989420E00B78307 /* TableViewExerciseTests */,
			);
		};
/* End PBXProject section */

/* Begin PBXResourcesBuildPhase section */
		07B41E761989420E00B78307 /* Resources */ = {
			isa = PBXResourcesBuildPhase;
			buildActionMask = 2147483647;
			files = (
				07B41E941989420E00B78307 /* Images.xcassets in Resources */,
				07B41E861989420E00B78307 /* InfoPlist.strings in Resources */,
				07B41E8F1989420E00B78307 /* Main.storyboard in Resources */,
			);
			runOnlyForDeploymentPostprocessing = 0;
		};
		07B41E971989420E00B78307 /* Resources */ = {
			isa = PBXResourcesBuildPhase;
			buildActionMask = 2147483647;
			files = (
				07B41EA51989420E00B78307 /* InfoPlist.strings in Resources */,
			);
			runOnlyForDeploymentPostprocessing = 0;
		};
/* End PBXResourcesBuildPhase section */

/* Begin PBXSourcesBuildPhase section */
		07B41E741989420E00B78307 /* Sources */ = {
			isa = PBXSourcesBuildPhase;
			buildActionMask = 2147483647;
			files = (
				07B41E8C1989420E00B78307 /* TVAppDelegate.m in Sources */,
				07B41E881989420E00B78307 /* main.m in Sources */,
				07B41EB219895E7500B78307 /* TVTableViewController.m in Sources */,
			);
			runOnlyForDeploymentPostprocessing = 0;
		};
		07B41E951989420E00B78307 /* Sources */ = {
			isa = PBXSourcesBuildPhase;
			buildActionMask = 2147483647;
			files = (
				07B41EA71989420E00B78307 /* TableViewExerciseTests.m in Sources */,
			);
			runOnlyForDeploymentPostprocessing = 0;
		};
/* End PBXSourcesBuildPhase section */

/* Begin PBXTargetDependency section */
		07B41E9F1989420E00B78307 /* PBXTargetDependency */ = {
			isa = PBXTargetDependency;
			target = 07B41E771989420E00B78307 /* TableViewExercise */;
			targetProxy = 07B41E9E1989420E00B78307 /* PBXContainerItemProxy */;
		};
/* End PBXTargetDependency section */

/* Begin PBXVariantGroup section */
		07B41E841989420E00B78307 /* InfoPlist.strings */ = {
			isa = PBXVariantGroup;
			children = (
				07B41E851989420E00B78307 /* en */,
			);
			name = InfoPlist.strings;
			sourceTree = "<group>";
		};
		07B41E8D1989420E00B78307 /* Main.storyboard */ = {
			isa = PBXVariantGroup;
			children = (
				07B41E8E1989420E00B78307 /* Base */,
			);
			name = Main.storyboard;
			sourceTree = "<group>";
		};
		07B41EA31989420E00B78307 /* InfoPlist.strings */ = {
			isa = PBXVariantGroup;
			children = (
				07B41EA41989420E00B78307 /* en */,
			);
			name = InfoPlist.strings;
			sourceTree = "<group>";
		};
/* End PBXVariantGroup section */

/* Begin XCBuildConfiguration section */
		07B41EA81989420E00B78307 /* Debug */ = {
			isa = XCBuildConfiguration;
			buildSettings = {
				ALWAYS_SEARCH_USER_PATHS = NO;
				CLANG_CXX_LANGUAGE_STANDARD = "gnu++0x";
				CLANG_CXX_LIBRARY = "libc++";
				CLANG_ENABLE_MODULES = YES;
				CLANG_ENABLE_OBJC_ARC = YES;
				CLANG_WARN_BOOL_CONVERSION = YES;
				CLANG_WARN_CONSTANT_CONVERSION = YES;
				CLANG_WARN_DIRECT_OBJC_ISA_USAGE = YES_ERROR;
				CLANG_WARN_EMPTY_BODY = YES;
				CLANG_WARN_ENUM_CONVERSION = YES;
				CLANG_WARN_INT_CONVERSION = YES;
				CLANG_WARN_OBJC_ROOT_CLASS = YES_ERROR;
				CLANG_WARN__DUPLICATE_METHOD_MATCH = YES;
				"CODE_SIGN_IDENTITY[sdk=iphoneos*]" = "iPhone Developer";
				COPY_PHASE_STRIP = NO;
				GCC_C_LANGUAGE_STANDARD = gnu99;
				GCC_DYNAMIC_NO_PIC = NO;
				GCC_OPTIMIZATION_LEVEL = 0;
				GCC_PREPROCESSOR_DEFINITIONS = (
					"DEBUG=1",
					"$(inherited)",
				);
				GCC_SYMBOLS_PRIVATE_EXTERN = NO;
				GCC_WARN_64_TO_32_BIT_CONVERSION = YES;
				GCC_WARN_ABOUT_RETURN_TYPE = YES_ERROR;
				GCC_WARN_UNDECLARED_SELECTOR = YES;
				GCC_WARN_UNINITIALIZED_AUTOS = YES_AGGRESSIVE;
				GCC_WARN_UNUSED_FUNCTION = YES;
				GCC_WARN_UNUSED_VARIABLE = YES;
				IPHONEOS_DEPLOYMENT_TARGET = 7.1;
				ONLY_ACTIVE_ARCH = YES;
				SDKROOT = iphoneos;
			};
			name = Debug;
		};
		07B41EA91989420E00B78307 /* Release */ = {
			isa = XCBuildConfiguration;
			buildSettings = {
				ALWAYS_SEARCH_USER_PATHS = NO;
				CLANG_CXX_LANGUAGE_STANDARD = "gnu++0x";
				CLANG_CXX_LIBRARY = "libc++";
				CLANG_ENABLE_MODULES = YES;
				CLANG_ENABLE_OBJC_ARC = YES;
				CLANG_WARN_BOOL_CONVERSION = YES;
				CLANG_WARN_CONSTANT_CONVERSION = YES;
				CLANG_WARN_DIRECT_OBJC_ISA_USAGE = YES_ERROR;
				CLANG_WARN_EMPTY_BODY = YES;
				CLANG_WARN_ENUM_CONVERSION = YES;
				CLANG_WARN_INT_CONVERSION = YES;
				CLANG_WARN_OBJC_ROOT_CLASS = YES_ERROR;
				CLANG_WARN__DUPLICATE_METHOD_MATCH = YES;
				"CODE_SIGN_IDENTITY[sdk=iphoneos*]" = "iPhone Developer";
				COPY_PHASE_STRIP = YES;
				ENABLE_NS_ASSERTIONS = NO;
				GCC_C_LANGUAGE_STANDARD = gnu99;
				GCC_WARN_64_TO_32_BIT_CONVERSION = YES;
				GCC_WARN_ABOUT_RETURN_TYPE = YES_ERROR;
				GCC_WARN_UNDECLARED_SELECTOR = YES;
				GCC_WARN_UNINITIALIZED_AUTOS = YES_AGGRESSIVE;
				GCC_WARN_UNUSED_FUNCTION = YES;
				GCC_WARN_UNUSED_VARIABLE = YES;
				IPHONEOS_DEPLOYMENT_TARGET = 7.1;
				SDKROOT = iphoneos;
				VALIDATE_PRODUCT = YES;
			};
			name = Release;
		};
		07B41EAB1989420E00B78307 /* Debug */ = {
			isa = XCBuildConfiguration;
			buildSettings = {
				ASSETCATALOG_COMPILER_APPICON_NAME = AppIcon;
				ASSETCATALOG_COMPILER_LAUNCHIMAGE_NAME = LaunchImage;
				GCC_PRECOMPILE_PREFIX_HEADER = YES;
				GCC_PREFIX_HEADER = "TableViewExercise/TableViewExercise-Prefix.pch";
				INFOPLIST_FILE = "TableViewExercise/TableViewExercise-Info.plist";
				PRODUCT_NAME = "$(TARGET_NAME)";
				WRAPPER_EXTENSION = app;
			};
			name = Debug;
		};
		07B41EAC1989420E00B78307 /* Release */ = {
			isa = XCBuildConfiguration;
			buildSettings = {
				ASSETCATALOG_COMPILER_APPICON_NAME = AppIcon;
				ASSETCATALOG_COMPILER_LAUNCHIMAGE_NAME = LaunchImage;
				GCC_PRECOMPILE_PREFIX_HEADER = YES;
				GCC_PREFIX_HEADER = "TableViewExercise/TableViewExercise-Prefix.pch";
				INFOPLIST_FILE = "TableViewExercise/TableViewExercise-Info.plist";
				PRODUCT_NAME = "$(TARGET_NAME)";
				WRAPPER_EXTENSION = app;
			};
			name = Release;
		};
		07B41EAE1989420E00B78307 /* Debug */ = {
			isa = XCBuildConfiguration;
			buildSettings = {
				BUNDLE_LOADER = "$(BUILT_PRODUCTS_DIR)/TableViewExercise.app/TableViewExercise";
				FRAMEWORK_SEARCH_PATHS = (
					"$(SDKROOT)/Developer/Library/Frameworks",
					"$(inherited)",
					"$(DEVELOPER_FRAMEWORKS_DIR)",
				);
				GCC_PRECOMPILE_PREFIX_HEADER = YES;
				GCC_PREFIX_HEADER = "TableViewExercise/TableViewExercise-Prefix.pch";
				GCC_PREPROCESSOR_DEFINITIONS = (
					"DEBUG=1",
					"$(inherited)",
				);
				INFOPLIST_FILE = "TableViewExerciseTests/TableViewExerciseTests-Info.plist";
				PRODUCT_NAME = "$(TARGET_NAME)";
				TEST_HOST = "$(BUNDLE_LOADER)";
				WRAPPER_EXTENSION = xctest;
			};
			name = Debug;
		};
		07B41EAF1989420E00B78307 /* Release */ = {
			isa = XCBuildConfiguration;
			buildSettings = {
				BUNDLE_LOADER = "$(BUILT_PRODUCTS_DIR)/TableViewExercise.app/TableViewExercise";
				FRAMEWORK_SEARCH_PATHS = (
					"$(SDKROOT)/Developer/Library/Frameworks",
					"$(inherited)",
					"$(DEVELOPER_FRAMEWORKS_DIR)",
				);
				GCC_PRECOMPILE_PREFIX_HEADER = YES;
				GCC_PREFIX_HEADER = "TableViewExercise/TableViewExercise-Prefix.pch";
				INFOPLIST_FILE = "TableViewExerciseTests/TableViewExerciseTests-Info.plist";
				PRODUCT_NAME = "$(TARGET_NAME)";
				TEST_HOST = "$(BUNDLE_LOADER)";
				WRAPPER_EXTENSION = xctest;
			};
			name = Release;
		};
/* End XCBuildConfiguration section */

/* Begin XCConfigurationList section */
		07B41E731989420E00B78307 /* Build configuration list for PBXProject "TableViewExercise" */ = {
			isa = XCConfigurationList;
			buildConfigurations = (
				07B41EA81989420E00B78307 /* Debug */,
				07B41EA91989420E00B78307 /* Release */,
			);
			defaultConfigurationIsVisible = 0;
			defaultConfigurationName = Release;
		};
		07B41EAA1989420E00B78307 /* Build configuration list for PBXNativeTarget "TableViewExercise" */ = {
			isa = XCConfigurationList;
			buildConfigurations = (
				07B41EAB1989420E00B78307 /* Debug */,
				07B41EAC1989420E00B78307 /* Release */,
			);
			defaultConfigurationIsVisible = 0;
		};
		07B41EAD1989420E00B78307 /* Build configuration list for PBXNativeTarget "TableViewExerciseTests" */ = {
			isa = XCConfigurationList;
			buildConfigurations = (
				07B41EAE1989420E00B78307 /* Debug */,
				07B41EAF1989420E00B78307 /* Release */,
			);
			defaultConfigurationIsVisible = 0;
		};
/* End XCConfigurationList section */
	};
	rootObject = 07B41E701989420E00B78307 /* Project object */;
}
